// !$*UTF8*$!
{
	archiveVersion = 1;
	classes = {
	};
	objectVersion = 50;
	objects = {

/* Begin PBXBuildFile section */
		435468AF2177E37E002E275D /* AppDelegate.swift in Sources */ = {isa = PBXBuildFile; fileRef = 435468AE2177E37E002E275D /* AppDelegate.swift */; };
		435468B12177E37E002E275D /* ViewController.swift in Sources */ = {isa = PBXBuildFile; fileRef = 435468B02177E37E002E275D /* ViewController.swift */; };
		435468B42177E37E002E275D /* Main.storyboard in Resources */ = {isa = PBXBuildFile; fileRef = 435468B22177E37E002E275D /* Main.storyboard */; };
		435468B62177E37F002E275D /* Assets.xcassets in Resources */ = {isa = PBXBuildFile; fileRef = 435468B52177E37F002E275D /* Assets.xcassets */; };
		435468B92177E37F002E275D /* LaunchScreen.storyboard in Resources */ = {isa = PBXBuildFile; fileRef = 435468B72177E37F002E275D /* LaunchScreen.storyboard */; };
		D8E34BA9A98ADC312BADF816 /* Pods_PresentTableViewModelDemo.framework in Frameworks */ = {isa = PBXBuildFile; fileRef = 36580F7BC5677A3AFC2BF101 /* Pods_PresentTableViewModelDemo.framework */; };
/* End PBXBuildFile section */

/* Begin PBXFileReference section */
		36580F7BC5677A3AFC2BF101 /* Pods_PresentTableViewModelDemo.framework */ = {isa = PBXFileReference; explicitFileType = wrapper.framework; includeInIndex = 0; path = Pods_PresentTableViewModelDemo.framework; sourceTree = BUILT_PRODUCTS_DIR; };
		435468AB2177E37E002E275D /* PresentTableViewModelDemo.app */ = {isa = PBXFileReference; explicitFileType = wrapper.application; includeInIndex = 0; path = PresentTableViewModelDemo.app; sourceTree = BUILT_PRODUCTS_DIR; };
		435468AE2177E37E002E275D /* AppDelegate.swift */ = {isa = PBXFileReference; lastKnownFileType = sourcecode.swift; path = AppDelegate.swift; sourceTree = "<group>"; };
		435468B02177E37E002E275D /* ViewController.swift */ = {isa = PBXFileReference; lastKnownFileType = sourcecode.swift; path = ViewController.swift; sourceTree = "<group>"; };
		435468B32177E37E002E275D /* Base */ = {isa = PBXFileReference; lastKnownFileType = file.storyboard; name = Base; path = Base.lproj/Main.storyboard; sourceTree = "<group>"; };
		435468B52177E37F002E275D /* Assets.xcassets */ = {isa = PBXFileReference; lastKnownFileType = folder.assetcatalog; path = Assets.xcassets; sourceTree = "<group>"; };
		435468B82177E37F002E275D /* Base */ = {isa = PBXFileReference; lastKnownFileType = file.storyboard; name = Base; path = Base.lproj/LaunchScreen.storyboard; sourceTree = "<group>"; };
		435468BA2177E37F002E275D /* Info.plist */ = {isa = PBXFileReference; lastKnownFileType = text.plist.xml; path = Info.plist; sourceTree = "<group>"; };
		879E36CA38E329F7D83C0E0A /* Pods-PresentTableViewModelDemo.release.xcconfig */ = {isa = PBXFileReference; includeInIndex = 1; lastKnownFileType = text.xcconfig; name = "Pods-PresentTableViewModelDemo.release.xcconfig"; path = "Pods/Target Support Files/Pods-PresentTableViewModelDemo/Pods-PresentTableViewModelDemo.release.xcconfig"; sourceTree = "<group>"; };
		F1ACB71707A7445415AECE3C /* Pods-PresentTableViewModelDemo.debug.xcconfig */ = {isa = PBXFileReference; includeInIndex = 1; lastKnownFileType = text.xcconfig; name = "Pods-PresentTableViewModelDemo.debug.xcconfig"; path = "Pods/Target Support Files/Pods-PresentTableViewModelDemo/Pods-PresentTableViewModelDemo.debug.xcconfig"; sourceTree = "<group>"; };
/* End PBXFileReference section */

/* Begin PBXFrameworksBuildPhase section */
		435468A82177E37E002E275D /* Frameworks */ = {
			isa = PBXFrameworksBuildPhase;
			buildActionMask = 2147483647;
			files = (
				D8E34BA9A98ADC312BADF816 /* Pods_PresentTableViewModelDemo.framework in Frameworks */,
			);
			runOnlyForDeploymentPostprocessing = 0;
		};
/* End PBXFrameworksBuildPhase section */

/* Begin PBXGroup section */
		0F3F83DB7BE5AF9D85D7AF56 /* Frameworks */ = {
			isa = PBXGroup;
			children = (
				36580F7BC5677A3AFC2BF101 /* Pods_PresentTableViewModelDemo.framework */,
			);
			name = Frameworks;
			sourceTree = "<group>";
		};
		435468A22177E37E002E275D = {
			isa = PBXGroup;
			children = (
				435468AD2177E37E002E275D /* PresentTableViewModelDemo */,
				435468AC2177E37E002E275D /* Products */,
				D9D0BA62292C726CE69CE577 /* Pods */,
				0F3F83DB7BE5AF9D85D7AF56 /* Frameworks */,
			);
			sourceTree = "<group>";
		};
		435468AC2177E37E002E275D /* Products */ = {
			isa = PBXGroup;
			children = (
				435468AB2177E37E002E275D /* PresentTableViewModelDemo.app */,
			);
			name = Products;
			sourceTree = "<group>";
		};
		435468AD2177E37E002E275D /* PresentTableViewModelDemo */ = {
			isa = PBXGroup;
			children = (
				435468AE2177E37E002E275D /* AppDelegate.swift */,
				435468B02177E37E002E275D /* ViewController.swift */,
				435468B22177E37E002E275D /* Main.storyboard */,
				435468B52177E37F002E275D /* Assets.xcassets */,
				435468B72177E37F002E275D /* LaunchScreen.storyboard */,
				435468BA2177E37F002E275D /* Info.plist */,
			);
			path = PresentTableViewModelDemo;
			sourceTree = "<group>";
		};
		D9D0BA62292C726CE69CE577 /* Pods */ = {
			isa = PBXGroup;
			children = (
				F1ACB71707A7445415AECE3C /* Pods-PresentTableViewModelDemo.debug.xcconfig */,
				879E36CA38E329F7D83C0E0A /* Pods-PresentTableViewModelDemo.release.xcconfig */,
			);
			name = Pods;
			sourceTree = "<group>";
		};
/* End PBXGroup section */

/* Begin PBXNativeTarget section */
		435468AA2177E37E002E275D /* PresentTableViewModelDemo */ = {
			isa = PBXNativeTarget;
			buildConfigurationList = 435468BD2177E37F002E275D /* Build configuration list for PBXNativeTarget "PresentTableViewModelDemo" */;
			buildPhases = (
				C0D2AE31FEC61CEDF55A0E6A /* [CP] Check Pods Manifest.lock */,
				435468A72177E37E002E275D /* Sources */,
				435468A82177E37E002E275D /* Frameworks */,
				435468A92177E37E002E275D /* Resources */,
				9BF2F6AAD6373526B0317121 /* [CP] Embed Pods Frameworks */,
			);
			buildRules = (
			);
			dependencies = (
			);
			name = PresentTableViewModelDemo;
			productName = PresentTableViewModelDemo;
			productReference = 435468AB2177E37E002E275D /* PresentTableViewModelDemo.app */;
			productType = "com.apple.product-type.application";
		};
/* End PBXNativeTarget section */

/* Begin PBXProject section */
		435468A32177E37E002E275D /* Project object */ = {
			isa = PBXProject;
			attributes = {
				LastSwiftUpdateCheck = 1000;
				LastUpgradeCheck = 1000;
				ORGANIZATIONNAME = co.present;
				TargetAttributes = {
					435468AA2177E37E002E275D = {
						CreatedOnToolsVersion = 10.0;
					};
				};
			};
			buildConfigurationList = 435468A62177E37E002E275D /* Build configuration list for PBXProject "PresentTableViewModelDemo" */;
			compatibilityVersion = "Xcode 9.3";
			developmentRegion = en;
			hasScannedForEncodings = 0;
			knownRegions = (
				en,
				Base,
			);
			mainGroup = 435468A22177E37E002E275D;
			productRefGroup = 435468AC2177E37E002E275D /* Products */;
			projectDirPath = "";
			projectRoot = "";
			targets = (
				435468AA2177E37E002E275D /* PresentTableViewModelDemo */,
			);
		};
/* End PBXProject section */

/* Begin PBXResourcesBuildPhase section */
		435468A92177E37E002E275D /* Resources */ = {
			isa = PBXResourcesBuildPhase;
			buildActionMask = 2147483647;
			files = (
				435468B92177E37F002E275D /* LaunchScreen.storyboard in Resources */,
				435468B62177E37F002E275D /* Assets.xcassets in Resources */,
				435468B42177E37E002E275D /* Main.storyboard in Resources */,
			);
			runOnlyForDeploymentPostprocessing = 0;
		};
/* End PBXResourcesBuildPhase section */

/* Begin PBXShellScriptBuildPhase section */
		9BF2F6AAD6373526B0317121 /* [CP] Embed Pods Frameworks */ = {
			isa = PBXShellScriptBuildPhase;
			buildActionMask = 2147483647;
			files = (
			);
			inputFileListPaths = (
			);
			inputPaths = (
				"${SRCROOT}/Pods/Target Support Files/Pods-PresentTableViewModelDemo/Pods-PresentTableViewModelDemo-frameworks.sh",
				"${BUILT_PRODUCTS_DIR}/PresentTableViewModel/PresentTableViewModel.framework",
				"${BUILT_PRODUCTS_DIR}/RxCocoa/RxCocoa.framework",
				"${BUILT_PRODUCTS_DIR}/RxSwift/RxSwift.framework",
				"${BUILT_PRODUCTS_DIR}/Then/Then.framework",
				"${BUILT_PRODUCTS_DIR}/TinyConstraints/TinyConstraints.framework",
			);
			name = "[CP] Embed Pods Frameworks";
			outputFileListPaths = (
			);
			outputPaths = (
				"${TARGET_BUILD_DIR}/${FRAMEWORKS_FOLDER_PATH}/PresentTableViewModel.framework",
				"${TARGET_BUILD_DIR}/${FRAMEWORKS_FOLDER_PATH}/RxCocoa.framework",
				"${TARGET_BUILD_DIR}/${FRAMEWORKS_FOLDER_PATH}/RxSwift.framework",
				"${TARGET_BUILD_DIR}/${FRAMEWORKS_FOLDER_PATH}/Then.framework",
				"${TARGET_BUILD_DIR}/${FRAMEWORKS_FOLDER_PATH}/TinyConstraints.framework",
			);
			runOnlyForDeploymentPostprocessing = 0;
			shellPath = /bin/sh;
			shellScript = "\"${SRCROOT}/Pods/Target Support Files/Pods-PresentTableViewModelDemo/Pods-PresentTableViewModelDemo-frameworks.sh\"\n";
			showEnvVarsInLog = 0;
		};
		C0D2AE31FEC61CEDF55A0E6A /* [CP] Check Pods Manifest.lock */ = {
			isa = PBXShellScriptBuildPhase;
			buildActionMask = 2147483647;
			files = (
			);
			inputFileListPaths = (
			);
			inputPaths = (
				"${PODS_PODFILE_DIR_PATH}/Podfile.lock",
				"${PODS_ROOT}/Manifest.lock",
			);
			name = "[CP] Check Pods Manifest.lock";
			outputFileListPaths = (
			);
			outputPaths = (
				"$(DERIVED_FILE_DIR)/Pods-PresentTableViewModelDemo-checkManifestLockResult.txt",
			);
			runOnlyForDeploymentPostprocessing = 0;
			shellPath = /bin/sh;
			shellScript = "diff \"${PODS_PODFILE_DIR_PATH}/Podfile.lock\" \"${PODS_ROOT}/Manifest.lock\" > /dev/null\nif [ $? != 0 ] ; then\n    # print error to STDERR\n    echo \"error: The sandbox is not in sync with the Podfile.lock. Run 'pod install' or update your CocoaPods installation.\" >&2\n    exit 1\nfi\n# This output is used by Xcode 'outputs' to avoid re-running this script phase.\necho \"SUCCESS\" > \"${SCRIPT_OUTPUT_FILE_0}\"\n";
			showEnvVarsInLog = 0;
		};
/* End PBXShellScriptBuildPhase section */

/* Begin PBXSourcesBuildPhase section */
		435468A72177E37E002E275D /* Sources */ = {
			isa = PBXSourcesBuildPhase;
			buildActionMask = 2147483647;
			files = (
				435468B12177E37E002E275D /* ViewController.swift in Sources */,
				435468AF2177E37E002E275D /* AppDelegate.swift in Sources */,
			);
			runOnlyForDeploymentPostprocessing = 0;
		};
/* End PBXSourcesBuildPhase section */

/* Begin PBXVariantGroup section */
		435468B22177E37E002E275D /* Main.storyboard */ = {
			isa = PBXVariantGroup;
			children = (
				435468B32177E37E002E275D /* Base */,
			);
			name = Main.storyboard;
			sourceTree = "<group>";
		};
		435468B72177E37F002E275D /* LaunchScreen.storyboard */ = {
			isa = PBXVariantGroup;
			children = (
				435468B82177E37F002E275D /* Base */,
			);
			name = LaunchScreen.storyboard;
			sourceTree = "<group>";
		};
/* End PBXVariantGroup section */

/* Begin XCBuildConfiguration section */
		435468BB2177E37F002E275D /* Debug */ = {
			isa = XCBuildConfiguration;
			buildSettings = {
				ALWAYS_SEARCH_USER_PATHS = NO;
				CLANG_ANALYZER_NONNULL = YES;
				CLANG_ANALYZER_NUMBER_OBJECT_CONVERSION = YES_AGGRESSIVE;
				CLANG_CXX_LANGUAGE_STANDARD = "gnu++14";
				CLANG_CXX_LIBRARY = "libc++";
				CLANG_ENABLE_MODULES = YES;
				CLANG_ENABLE_OBJC_ARC = YES;
				CLANG_ENABLE_OBJC_WEAK = YES;
				CLANG_WARN_BLOCK_CAPTURE_AUTORELEASING = YES;
				CLANG_WARN_BOOL_CONVERSION = YES;
				CLANG_WARN_COMMA = YES;
				CLANG_WARN_CONSTANT_CONVERSION = YES;
				CLANG_WARN_DEPRECATED_OBJC_IMPLEMENTATIONS = YES;
				CLANG_WARN_DIRECT_OBJC_ISA_USAGE = YES_ERROR;
				CLANG_WARN_DOCUMENTATION_COMMENTS = YES;
				CLANG_WARN_EMPTY_BODY = YES;
				CLANG_WARN_ENUM_CONVERSION = YES;
				CLANG_WARN_INFINITE_RECURSION = YES;
				CLANG_WARN_INT_CONVERSION = YES;
				CLANG_WARN_NON_LITERAL_NULL_CONVERSION = YES;
				CLANG_WARN_OBJC_IMPLICIT_RETAIN_SELF = YES;
				CLANG_WARN_OBJC_LITERAL_CONVERSION = YES;
				CLANG_WARN_OBJC_ROOT_CLASS = YES_ERROR;
				CLANG_WARN_RANGE_LOOP_ANALYSIS = YES;
				CLANG_WARN_STRICT_PROTOTYPES = YES;
				CLANG_WARN_SUSPICIOUS_MOVE = YES;
				CLANG_WARN_UNGUARDED_AVAILABILITY = YES_AGGRESSIVE;
				CLANG_WARN_UNREACHABLE_CODE = YES;
				CLANG_WARN__DUPLICATE_METHOD_MATCH = YES;
				CODE_SIGN_IDENTITY = "iPhone Developer";
				COPY_PHASE_STRIP = NO;
				DEBUG_INFORMATION_FORMAT = dwarf;
				ENABLE_STRICT_OBJC_MSGSEND = YES;
				ENABLE_TESTABILITY = YES;
				GCC_C_LANGUAGE_STANDARD = gnu11;
				GCC_DYNAMIC_NO_PIC = NO;
				GCC_NO_COMMON_BLOCKS = YES;
				GCC_OPTIMIZATION_LEVEL = 0;
				GCC_PREPROCESSOR_DEFINITIONS = (
					"DEBUG=1",
					"$(inherited)",
				);
				GCC_WARN_64_TO_32_BIT_CONVERSION = YES;
				GCC_WARN_ABOUT_RETURN_TYPE = YES_ERROR;
				GCC_WARN_UNDECLARED_SELECTOR = YES;
				GCC_WARN_UNINITIALIZED_AUTOS = YES_AGGRESSIVE;
				GCC_WARN_UNUSED_FUNCTION = YES;
				GCC_WARN_UNUSED_VARIABLE = YES;
				IPHONEOS_DEPLOYMENT_TARGET = 12.0;
				MTL_ENABLE_DEBUG_INFO = INCLUDE_SOURCE;
				MTL_FAST_MATH = YES;
				ONLY_ACTIVE_ARCH = YES;
				SDKROOT = iphoneos;
				SWIFT_ACTIVE_COMPILATION_CONDITIONS = DEBUG;
				SWIFT_OPTIMIZATION_LEVEL = "-Onone";
			};
			name = Debug;
		};
		435468BC2177E37F002E275D /* Release */ = {
			isa = XCBuildConfiguration;
			buildSettings = {
				ALWAYS_SEARCH_USER_PATHS = NO;
				CLANG_ANALYZER_NONNULL = YES;
				CLANG_ANALYZER_NUMBER_OBJECT_CONVERSION = YES_AGGRESSIVE;
				CLANG_CXX_LANGUAGE_STANDARD = "gnu++14";
				CLANG_CXX_LIBRARY = "libc++";
				CLANG_ENABLE_MODULES = YES;
				CLANG_ENABLE_OBJC_ARC = YES;
				CLANG_ENABLE_OBJC_WEAK = YES;
				CLANG_WARN_BLOCK_CAPTURE_AUTORELEASING = YES;
				CLANG_WARN_BOOL_CONVERSION = YES;
				CLANG_WARN_COMMA = YES;
				CLANG_WARN_CONSTANT_CONVERSION = YES;
				CLANG_WARN_DEPRECATED_OBJC_IMPLEMENTATIONS = YES;
				CLANG_WARN_DIRECT_OBJC_ISA_USAGE = YES_ERROR;
				CLANG_WARN_DOCUMENTATION_COMMENTS = YES;
				CLANG_WARN_EMPTY_BODY = YES;
				CLANG_WARN_ENUM_CONVERSION = YES;
				CLANG_WARN_INFINITE_RECURSION = YES;
				CLANG_WARN_INT_CONVERSION = YES;
				CLANG_WARN_NON_LITERAL_NULL_CONVERSION = YES;
				CLANG_WARN_OBJC_IMPLICIT_RETAIN_SELF = YES;
				CLANG_WARN_OBJC_LITERAL_CONVERSION = YES;
				CLANG_WARN_OBJC_ROOT_CLASS = YES_ERROR;
				CLANG_WARN_RANGE_LOOP_ANALYSIS = YES;
				CLANG_WARN_STRICT_PROTOTYPES = YES;
				CLANG_WARN_SUSPICIOUS_MOVE = YES;
				CLANG_WARN_UNGUARDED_AVAILABILITY = YES_AGGRESSIVE;
				CLANG_WARN_UNREACHABLE_CODE = YES;
				CLANG_WARN__DUPLICATE_METHOD_MATCH = YES;
				CODE_SIGN_IDENTITY = "iPhone Developer";
				COPY_PHASE_STRIP = NO;
				DEBUG_INFORMATION_FORMAT = "dwarf-with-dsym";
				ENABLE_NS_ASSERTIONS = NO;
				ENABLE_STRICT_OBJC_MSGSEND = YES;
				GCC_C_LANGUAGE_STANDARD = gnu11;
				GCC_NO_COMMON_BLOCKS = YES;
				GCC_WARN_64_TO_32_BIT_CONVERSION = YES;
				GCC_WARN_ABOUT_RETURN_TYPE = YES_ERROR;
				GCC_WARN_UNDECLARED_SELECTOR = YES;
				GCC_WARN_UNINITIALIZED_AUTOS = YES_AGGRESSIVE;
				GCC_WARN_UNUSED_FUNCTION = YES;
				GCC_WARN_UNUSED_VARIABLE = YES;
				IPHONEOS_DEPLOYMENT_TARGET = 12.0;
				MTL_ENABLE_DEBUG_INFO = NO;
				MTL_FAST_MATH = YES;
				SDKROOT = iphoneos;
				SWIFT_COMPILATION_MODE = wholemodule;
				SWIFT_OPTIMIZATION_LEVEL = "-O";
				VALIDATE_PRODUCT = YES;
			};
			name = Release;
		};
		435468BE2177E37F002E275D /* Debug */ = {
			isa = XCBuildConfiguration;
			baseConfigurationReference = F1ACB71707A7445415AECE3C /* Pods-PresentTableViewModelDemo.debug.xcconfig */;
			buildSettings = {
				ASSETCATALOG_COMPILER_APPICON_NAME = AppIcon;
				CODE_SIGN_STYLE = Automatic;
				DEVELOPMENT_TEAM = V48WJRB536;
				INFOPLIST_FILE = PresentTableViewModelDemo/Info.plist;
				LD_RUNPATH_SEARCH_PATHS = (
					"$(inherited)",
					"@executable_path/Frameworks",
				);
				PRODUCT_BUNDLE_IDENTIFIER = co.present.PresentTableViewModelDemo;
				PRODUCT_NAME = "$(TARGET_NAME)";
				SWIFT_VERSION = 4.2;
				TARGETED_DEVICE_FAMILY = "1,2";
			};
			name = Debug;
		};
		435468BF2177E37F002E275D /* Release */ = {
			isa = XCBuildConfiguration;
			baseConfigurationReference = 879E36CA38E329F7D83C0E0A /* Pods-PresentTableViewModelDemo.release.xcconfig */;
			buildSettings = {
				ASSETCATALOG_COMPILER_APPICON_NAME = AppIcon;
				CODE_SIGN_STYLE = Automatic;
				DEVELOPMENT_TEAM = V48WJRB536;
				INFOPLIST_FILE = PresentTableViewModelDemo/Info.plist;
				LD_RUNPATH_SEARCH_PATHS = (
					"$(inherited)",
					"@executable_path/Frameworks",
				);
				PRODUCT_BUNDLE_IDENTIFIER = co.present.PresentTableViewModelDemo;
				PRODUCT_NAME = "$(TARGET_NAME)";
				SWIFT_VERSION = 4.2;
				TARGETED_DEVICE_FAMILY = "1,2";
			};
			name = Release;
		};
/* End XCBuildConfiguration section */

/* Begin XCConfigurationList section */
		435468A62177E37E002E275D /* Build configuration list for PBXProject "PresentTableViewModelDemo" */ = {
			isa = XCConfigurationList;
			buildConfigurations = (
				435468BB2177E37F002E275D /* Debug */,
				435468BC2177E37F002E275D /* Release */,
			);
			defaultConfigurationIsVisible = 0;
			defaultConfigurationName = Release;
		};
		435468BD2177E37F002E275D /* Build configuration list for PBXNativeTarget "PresentTableViewModelDemo" */ = {
			isa = XCConfigurationList;
			buildConfigurations = (
				435468BE2177E37F002E275D /* Debug */,
				435468BF2177E37F002E275D /* Release */,
			);
			defaultConfigurationIsVisible = 0;
			defaultConfigurationName = Release;
		};
/* End XCConfigurationList section */
	};
	rootObject = 435468A32177E37E002E275D /* Project object */;
}
